
Microsoft Visual Studio Solution File, Format Version 12.00
# Visual Studio Version 17
VisualStudioVersion = 17.13.35825.156 d17.13
MinimumVisualStudioVersion = 10.0.40219.1
Project("{FAE04EC0-301F-11D3-BF4B-00C04F79EFBC}") = "Server", "Server\Server.csproj", "{B24B13BF-CC0D-4C6A-BB80-B2393BA4DC7E}"
EndProject
Project("{FAE04EC0-301F-11D3-BF4B-00C04F79EFBC}") = "Client", "Client\Client.csproj", "{2EDBEAC7-D6E0-4858-8306-A6BAD4D4F720}"
EndProject
Global
	GlobalSection(SolutionConfigurationPlatforms) = preSolution
		Debug|Any CPU = Debug|Any CPU
		Release|Any CPU = Release|Any CPU
	EndGlobalSection
	GlobalSection(ProjectConfigurationPlatforms) = postSolution
		{B24B13BF-CC0D-4C6A-BB80-B2393BA4DC7E}.Debug|Any CPU.ActiveCfg = Debug|Any CPU
		{B24B13BF-CC0D-4C6A-BB80-B2393BA4DC7E}.Debug|Any CPU.Build.0 = Debug|Any CPU
		{B24B13BF-CC0D-4C6A-BB80-B2393BA4DC7E}.Release|Any CPU.ActiveCfg = Release|Any CPU
		{B24B13BF-CC0D-4C6A-BB80-B2393BA4DC7E}.Release|Any CPU.Build.0 = Release|Any CPU
		{2EDBEAC7-D6E0-4858-8306-A6BAD4D4F720}.Debug|Any CPU.ActiveCfg = Debug|Any CPU
		{2EDBEAC7-D6E0-4858-8306-A6BAD4D4F720}.Debug|Any CPU.Build.0 = Debug|Any CPU
		{2EDBEAC7-D6E0-4858-8306-A6BAD4D4F720}.Release|Any CPU.ActiveCfg = Release|Any CPU
		{2EDBEAC7-D6E0-4858-8306-A6BAD4D4F720}.Release|Any CPU.Build.0 = Release|Any CPU
	EndGlobalSection
	GlobalSection(SolutionProperties) = preSolution
		HideSolutionNode = FALSE
	EndGlobalSection
	GlobalSection(ExtensibilityGlobals) = postSolution
		SolutionGuid = {B77C45F9-EBB8-4A8F-80BE-971FC21DC4C9}
	EndGlobalSection
EndGlobal
